PODS:
  - CPCollectionViewWheelLayoutSwift (0.1.5)

DEPENDENCIES:
  - CPCollectionViewWheelLayoutSwift (from `../`)

EXTERNAL SOURCES:
  CPCollectionViewWheelLayoutSwift:
    :path: "../"

SPEC CHECKSUMS:
  CPCollectionViewWheelLayoutSwift: 861c2bbd80ae064e11f79003c068f663b5d724c9

PODFILE CHECKSUM: 304c455ae59285580715203467589fe299ef0069

COCOAPODS: 1.1.1
